
Microsoft Visual Studio Solution File, Format Version 12.00
# Visual Studio Version 16
VisualStudioVersion = 16.0.29306.81
MinimumVisualStudioVersion = 10.0.40219.1
Project("{FAE04EC0-301F-11D3-BF4B-00C04F79EFBC}") = "GetMACAddress", "GetMACAddress\GetMACAddress.csproj", "{D7DFAF10-4278-4CE3-B409-C94F85C1EFAE}"
EndProject
Global
	GlobalSection(SolutionConfigurationPlatforms) = preSolution
		Debug|Any CPU = Debug|Any CPU
		Release|Any CPU = Release|Any CPU
	EndGlobalSection
	GlobalSection(ProjectConfigurationPlatforms) = postSolution
		{D7DFAF10-4278-4CE3-B409-C94F85C1EFAE}.Debug|Any CPU.ActiveCfg = Debug|Any CPU
		{D7DFAF10-4278-4CE3-B409-C94F85C1EFAE}.Debug|Any CPU.Build.0 = Debug|Any CPU
		{D7DFAF10-4278-4CE3-B409-C94F85C1EFAE}.Release|Any CPU.ActiveCfg = Release|Any CPU
		{D7DFAF10-4278-4CE3-B409-C94F85C1EFAE}.Release|Any CPU.Build.0 = Release|Any CPU
	EndGlobalSection
	GlobalSection(SolutionProperties) = preSolution
		HideSolutionNode = FALSE
	EndGlobalSection
	GlobalSection(ExtensibilityGlobals) = postSolution
		SolutionGuid = {C5F1A5A7-EEFD-48BA-94FE-CEEDAFDA3E12}
	EndGlobalSection
EndGlobal
